
Microsoft Visual Studio Solution File, Format Version 12.00
# Visual Studio Version 17
VisualStudioVersion = 17.1.32319.34
MinimumVisualStudioVersion = 10.0.40219.1
Project("{FAE04EC0-301F-11D3-BF4B-00C04F79EFBC}") = "WebApi", "WebApi\WebApi.csproj", "{98082B6F-2329-4B02-B994-180B2D67A3D9}"
EndProject
Project("{FAE04EC0-301F-11D3-BF4B-00C04F79EFBC}") = "ConsoleApp", "ConsoleApp\ConsoleApp.csproj", "{506D0C2A-2571-415B-A0BD-1B0565833A94}"
EndProject
Project("{FAE04EC0-301F-11D3-BF4B-00C04F79EFBC}") = "WebApi5", "WebApi5\WebApi5.csproj", "{AC16F2BC-0805-4355-81EB-1D93981D9607}"
EndProject
Global
	GlobalSection(SolutionConfigurationPlatforms) = preSolution
		Debug|Any CPU = Debug|Any CPU
		Release|Any CPU = Release|Any CPU
	EndGlobalSection
	GlobalSection(ProjectConfigurationPlatforms) = postSolution
		{98082B6F-2329-4B02-B994-180B2D67A3D9}.Debug|Any CPU.ActiveCfg = Debug|Any CPU
		{98082B6F-2329-4B02-B994-180B2D67A3D9}.Debug|Any CPU.Build.0 = Debug|Any CPU
		{98082B6F-2329-4B02-B994-180B2D67A3D9}.Release|Any CPU.ActiveCfg = Release|Any CPU
		{98082B6F-2329-4B02-B994-180B2D67A3D9}.Release|Any CPU.Build.0 = Release|Any CPU
		{506D0C2A-2571-415B-A0BD-1B0565833A94}.Debug|Any CPU.ActiveCfg = Debug|Any CPU
		{506D0C2A-2571-415B-A0BD-1B0565833A94}.Debug|Any CPU.Build.0 = Debug|Any CPU
		{506D0C2A-2571-415B-A0BD-1B0565833A94}.Release|Any CPU.ActiveCfg = Release|Any CPU
		{506D0C2A-2571-415B-A0BD-1B0565833A94}.Release|Any CPU.Build.0 = Release|Any CPU
		{AC16F2BC-0805-4355-81EB-1D93981D9607}.Debug|Any CPU.ActiveCfg = Debug|Any CPU
		{AC16F2BC-0805-4355-81EB-1D93981D9607}.Debug|Any CPU.Build.0 = Debug|Any CPU
		{AC16F2BC-0805-4355-81EB-1D93981D9607}.Release|Any CPU.ActiveCfg = Release|Any CPU
		{AC16F2BC-0805-4355-81EB-1D93981D9607}.Release|Any CPU.Build.0 = Release|Any CPU
	EndGlobalSection
	GlobalSection(SolutionProperties) = preSolution
		HideSolutionNode = FALSE
	EndGlobalSection
	GlobalSection(ExtensibilityGlobals) = postSolution
		SolutionGuid = {C76922B7-E742-4E1E-8CC7-0D3BA6C8E83A}
	EndGlobalSection
EndGlobal
